
Microsoft Visual Studio Solution File, Format Version 12.00
# Visual Studio Version 17
VisualStudioVersion = 17.10.35004.147
MinimumVisualStudioVersion = 10.0.40219.1
Project("{9A19103F-16F7-4668-BE54-9A1E7A4F7556}") = "EmployeeLogin", "ManagerApproval\EmployeeLogin.csproj", "{87F64978-B258-4E96-A1F3-EFC7E266E619}"
EndProject
Project("{FAE04EC0-301F-11D3-BF4B-00C04F79EFBC}") = "ManagerApprove", "ManagerApprove\ManagerApprove.csproj", "{C699E579-EE10-499B-BD36-2A3DD1FD5360}"
EndProject
Global
	GlobalSection(SolutionConfigurationPlatforms) = preSolution
		Debug|Any CPU = Debug|Any CPU
		Release|Any CPU = Release|Any CPU
	EndGlobalSection
	GlobalSection(ProjectConfigurationPlatforms) = postSolution
		{87F64978-B258-4E96-A1F3-EFC7E266E619}.Debug|Any CPU.ActiveCfg = Debug|Any CPU
		{87F64978-B258-4E96-A1F3-EFC7E266E619}.Debug|Any CPU.Build.0 = Debug|Any CPU
		{87F64978-B258-4E96-A1F3-EFC7E266E619}.Release|Any CPU.ActiveCfg = Release|Any CPU
		{87F64978-B258-4E96-A1F3-EFC7E266E619}.Release|Any CPU.Build.0 = Release|Any CPU
		{C699E579-EE10-499B-BD36-2A3DD1FD5360}.Debug|Any CPU.ActiveCfg = Debug|Any CPU
		{C699E579-EE10-499B-BD36-2A3DD1FD5360}.Debug|Any CPU.Build.0 = Debug|Any CPU
		{C699E579-EE10-499B-BD36-2A3DD1FD5360}.Release|Any CPU.ActiveCfg = Release|Any CPU
		{C699E579-EE10-499B-BD36-2A3DD1FD5360}.Release|Any CPU.Build.0 = Release|Any CPU
	EndGlobalSection
	GlobalSection(SolutionProperties) = preSolution
		HideSolutionNode = FALSE
	EndGlobalSection
	GlobalSection(ExtensibilityGlobals) = postSolution
		SolutionGuid = {619FDB30-CEDA-493F-9A6A-49BE41311FDD}
	EndGlobalSection
EndGlobal
